
Microsoft Visual Studio Solution File, Format Version 11.00
# Visual Studio 2010
# SharpDevelop 5.0
Project("{FAE04EC0-301F-11D3-BF4B-00C04F79EFBC}") = "nurl", "nurl\nurl.csproj", "{F6B3E4CB-2C5C-4E87-B56F-411EA33B9993}"
EndProject
Project("{FAE04EC0-301F-11D3-BF4B-00C04F79EFBC}") = "nunit.Tests", "nunit.Tests\nunit.Tests.csproj", "{40E6F46C-0E49-4639-8C43-1CEDC14888E7}"
EndProject
Global
	GlobalSection(SolutionConfigurationPlatforms) = preSolution
		Debug|Any CPU = Debug|Any CPU
		Release|Any CPU = Release|Any CPU
	EndGlobalSection
	GlobalSection(ProjectConfigurationPlatforms) = postSolution
		{F6B3E4CB-2C5C-4E87-B56F-411EA33B9993}.Debug|Any CPU.ActiveCfg = Debug|Any CPU
		{F6B3E4CB-2C5C-4E87-B56F-411EA33B9993}.Debug|Any CPU.Build.0 = Debug|Any CPU
		{F6B3E4CB-2C5C-4E87-B56F-411EA33B9993}.Release|Any CPU.ActiveCfg = Release|Any CPU
		{F6B3E4CB-2C5C-4E87-B56F-411EA33B9993}.Release|Any CPU.Build.0 = Release|Any CPU
		{40E6F46C-0E49-4639-8C43-1CEDC14888E7}.Debug|Any CPU.ActiveCfg = Debug|Any CPU
		{40E6F46C-0E49-4639-8C43-1CEDC14888E7}.Debug|Any CPU.Build.0 = Debug|Any CPU
		{40E6F46C-0E49-4639-8C43-1CEDC14888E7}.Release|Any CPU.ActiveCfg = Release|Any CPU
		{40E6F46C-0E49-4639-8C43-1CEDC14888E7}.Release|Any CPU.Build.0 = Release|Any CPU
	EndGlobalSection
EndGlobal
